
Microsoft Visual Studio Solution File, Format Version 12.00
Project("{2150E333-8FDC-42A3-9474-1A3956D46DE8}") = "src", "src", "{AF3A7DF8-3D59-4199-AE17-7B2C1C771CFC}"
EndProject
Project("{2150E333-8FDC-42A3-9474-1A3956D46DE8}") = "test", "test", "{1CB36AFD-74EC-4852-B641-8DA868FCCDA2}"
EndProject
Project("{FAE04EC0-301F-11D3-BF4B-00C04F79EFBC}") = "BldIt.Api", "src\BldIt.Api\BldIt.Api.csproj", "{9EB0BA1B-93E4-4F6C-A418-835E482ACF1E}"
EndProject
Project("{FAE04EC0-301F-11D3-BF4B-00C04F79EFBC}") = "BldIt.Data", "src\BldIt.Data\BldIt.Data.csproj", "{58C69DD2-0CEE-4C60-8F6D-3841FF2AF772}"
EndProject
Project("{FAE04EC0-301F-11D3-BF4B-00C04F79EFBC}") = "BldIt.Lang", "src\BldIt.Lang\BldIt.Lang.csproj", "{B1C6EB96-171C-469F-80CF-1E86A1BF9C89}"
EndProject
Project("{FAE04EC0-301F-11D3-BF4B-00C04F79EFBC}") = "BldIt.Models", "src\BldIt.Models\BldIt.Models.csproj", "{05A17551-C025-4DA1-8224-40EA14E37FB4}"
EndProject
Project("{FAE04EC0-301F-11D3-BF4B-00C04F79EFBC}") = "BldIt.Lang.Test", "test\BldIt.Lang.Test\BldIt.Lang.Test.csproj", "{1C2E8D18-E798-4D47-B6B8-E53516FBDBFA}"
EndProject
Global
	GlobalSection(SolutionConfigurationPlatforms) = preSolution
		Debug|Any CPU = Debug|Any CPU
		Release|Any CPU = Release|Any CPU
	EndGlobalSection
	GlobalSection(NestedProjects) = preSolution
		{9EB0BA1B-93E4-4F6C-A418-835E482ACF1E} = {AF3A7DF8-3D59-4199-AE17-7B2C1C771CFC}
		{58C69DD2-0CEE-4C60-8F6D-3841FF2AF772} = {AF3A7DF8-3D59-4199-AE17-7B2C1C771CFC}
		{B1C6EB96-171C-469F-80CF-1E86A1BF9C89} = {AF3A7DF8-3D59-4199-AE17-7B2C1C771CFC}
		{05A17551-C025-4DA1-8224-40EA14E37FB4} = {AF3A7DF8-3D59-4199-AE17-7B2C1C771CFC}
		{1C2E8D18-E798-4D47-B6B8-E53516FBDBFA} = {1CB36AFD-74EC-4852-B641-8DA868FCCDA2}
	EndGlobalSection
	GlobalSection(ProjectConfigurationPlatforms) = postSolution
		{9EB0BA1B-93E4-4F6C-A418-835E482ACF1E}.Debug|Any CPU.ActiveCfg = Debug|Any CPU
		{9EB0BA1B-93E4-4F6C-A418-835E482ACF1E}.Debug|Any CPU.Build.0 = Debug|Any CPU
		{9EB0BA1B-93E4-4F6C-A418-835E482ACF1E}.Release|Any CPU.ActiveCfg = Release|Any CPU
		{9EB0BA1B-93E4-4F6C-A418-835E482ACF1E}.Release|Any CPU.Build.0 = Release|Any CPU
		{58C69DD2-0CEE-4C60-8F6D-3841FF2AF772}.Debug|Any CPU.ActiveCfg = Debug|Any CPU
		{58C69DD2-0CEE-4C60-8F6D-3841FF2AF772}.Debug|Any CPU.Build.0 = Debug|Any CPU
		{58C69DD2-0CEE-4C60-8F6D-3841FF2AF772}.Release|Any CPU.ActiveCfg = Release|Any CPU
		{58C69DD2-0CEE-4C60-8F6D-3841FF2AF772}.Release|Any CPU.Build.0 = Release|Any CPU
		{B1C6EB96-171C-469F-80CF-1E86A1BF9C89}.Debug|Any CPU.ActiveCfg = Debug|Any CPU
		{B1C6EB96-171C-469F-80CF-1E86A1BF9C89}.Debug|Any CPU.Build.0 = Debug|Any CPU
		{B1C6EB96-171C-469F-80CF-1E86A1BF9C89}.Release|Any CPU.ActiveCfg = Release|Any CPU
		{B1C6EB96-171C-469F-80CF-1E86A1BF9C89}.Release|Any CPU.Build.0 = Release|Any CPU
		{05A17551-C025-4DA1-8224-40EA14E37FB4}.Debug|Any CPU.ActiveCfg = Debug|Any CPU
		{05A17551-C025-4DA1-8224-40EA14E37FB4}.Debug|Any CPU.Build.0 = Debug|Any CPU
		{05A17551-C025-4DA1-8224-40EA14E37FB4}.Release|Any CPU.ActiveCfg = Release|Any CPU
		{05A17551-C025-4DA1-8224-40EA14E37FB4}.Release|Any CPU.Build.0 = Release|Any CPU
		{1C2E8D18-E798-4D47-B6B8-E53516FBDBFA}.Debug|Any CPU.ActiveCfg = Debug|Any CPU
		{1C2E8D18-E798-4D47-B6B8-E53516FBDBFA}.Debug|Any CPU.Build.0 = Debug|Any CPU
		{1C2E8D18-E798-4D47-B6B8-E53516FBDBFA}.Release|Any CPU.ActiveCfg = Release|Any CPU
		{1C2E8D18-E798-4D47-B6B8-E53516FBDBFA}.Release|Any CPU.Build.0 = Release|Any CPU
	EndGlobalSection
EndGlobal
