
Microsoft Visual Studio Solution File, Format Version 12.00
Project("{2150E333-8FDC-42A3-9474-1A3956D46DE8}") = "src", "src", "{AF3A7DF8-3D59-4199-AE17-7B2C1C771CFC}"
EndProject
Project("{2150E333-8FDC-42A3-9474-1A3956D46DE8}") = "test", "test", "{1CB36AFD-74EC-4852-B641-8DA868FCCDA2}"
EndProject
Project("{FAE04EC0-301F-11D3-BF4B-00C04F79EFBC}") = "BldIt.Api", "BldIt.Api\BldIt.Api.csproj", "{98392A5A-7B9F-4409-A06A-7A641ABF2236}"
EndProject
Project("{FAE04EC0-301F-11D3-BF4B-00C04F79EFBC}") = "BldIt.Data", "BldIt.Data\BldIt.Data.csproj", "{A3BD37C2-406A-4C3B-B184-DCD765963574}"
EndProject
Project("{FAE04EC0-301F-11D3-BF4B-00C04F79EFBC}") = "BldIt.Models", "BldIt.Models\BldIt.Models.csproj", "{C2E3D937-3D85-4065-8F6F-6FA6DD6B97EE}"
EndProject
Project("{FAE04EC0-301F-11D3-BF4B-00C04F79EFBC}") = "BldIt.Lang", "BldIt.Lang\BldIt.Lang.csproj", "{BA5FF61F-2093-469D-A28C-93D405801B1F}"
EndProject
Global
	GlobalSection(SolutionConfigurationPlatforms) = preSolution
		Debug|Any CPU = Debug|Any CPU
		Release|Any CPU = Release|Any CPU
	EndGlobalSection
	GlobalSection(NestedProjects) = preSolution
		{98392A5A-7B9F-4409-A06A-7A641ABF2236} = {AF3A7DF8-3D59-4199-AE17-7B2C1C771CFC}
		{A3BD37C2-406A-4C3B-B184-DCD765963574} = {AF3A7DF8-3D59-4199-AE17-7B2C1C771CFC}
		{C2E3D937-3D85-4065-8F6F-6FA6DD6B97EE} = {AF3A7DF8-3D59-4199-AE17-7B2C1C771CFC}
		{BA5FF61F-2093-469D-A28C-93D405801B1F} = {AF3A7DF8-3D59-4199-AE17-7B2C1C771CFC}
	EndGlobalSection
	GlobalSection(ProjectConfigurationPlatforms) = postSolution
		{98392A5A-7B9F-4409-A06A-7A641ABF2236}.Debug|Any CPU.ActiveCfg = Debug|Any CPU
		{98392A5A-7B9F-4409-A06A-7A641ABF2236}.Debug|Any CPU.Build.0 = Debug|Any CPU
		{98392A5A-7B9F-4409-A06A-7A641ABF2236}.Release|Any CPU.ActiveCfg = Release|Any CPU
		{98392A5A-7B9F-4409-A06A-7A641ABF2236}.Release|Any CPU.Build.0 = Release|Any CPU
		{A3BD37C2-406A-4C3B-B184-DCD765963574}.Debug|Any CPU.ActiveCfg = Debug|Any CPU
		{A3BD37C2-406A-4C3B-B184-DCD765963574}.Debug|Any CPU.Build.0 = Debug|Any CPU
		{A3BD37C2-406A-4C3B-B184-DCD765963574}.Release|Any CPU.ActiveCfg = Release|Any CPU
		{A3BD37C2-406A-4C3B-B184-DCD765963574}.Release|Any CPU.Build.0 = Release|Any CPU
		{C2E3D937-3D85-4065-8F6F-6FA6DD6B97EE}.Debug|Any CPU.ActiveCfg = Debug|Any CPU
		{C2E3D937-3D85-4065-8F6F-6FA6DD6B97EE}.Debug|Any CPU.Build.0 = Debug|Any CPU
		{C2E3D937-3D85-4065-8F6F-6FA6DD6B97EE}.Release|Any CPU.ActiveCfg = Release|Any CPU
		{C2E3D937-3D85-4065-8F6F-6FA6DD6B97EE}.Release|Any CPU.Build.0 = Release|Any CPU
		{BA5FF61F-2093-469D-A28C-93D405801B1F}.Debug|Any CPU.ActiveCfg = Debug|Any CPU
		{BA5FF61F-2093-469D-A28C-93D405801B1F}.Debug|Any CPU.Build.0 = Debug|Any CPU
		{BA5FF61F-2093-469D-A28C-93D405801B1F}.Release|Any CPU.ActiveCfg = Release|Any CPU
		{BA5FF61F-2093-469D-A28C-93D405801B1F}.Release|Any CPU.Build.0 = Release|Any CPU
	EndGlobalSection
EndGlobal
