
Microsoft Visual Studio Solution File, Format Version 12.00
Project("{2150E333-8FDC-42A3-9474-1A3956D46DE8}") = "src", "src", "{AF3A7DF8-3D59-4199-AE17-7B2C1C771CFC}"
EndProject
Project("{2150E333-8FDC-42A3-9474-1A3956D46DE8}") = "test", "test", "{1CB36AFD-74EC-4852-B641-8DA868FCCDA2}"
EndProject
Project("{FAE04EC0-301F-11D3-BF4B-00C04F79EFBC}") = "BldIt.Api", "BldIt.Api\BldIt.Api.csproj", "{6C1AC2F0-2AC6-4991-9536-EAD2C0C9F201}"
EndProject
Project("{FAE04EC0-301F-11D3-BF4B-00C04F79EFBC}") = "BldIt.Data", "BldIt.Data\BldIt.Data.csproj", "{5C85613E-FE55-469C-BC01-D3F5CF44DBD4}"
EndProject
Project("{FAE04EC0-301F-11D3-BF4B-00C04F79EFBC}") = "BldIt.Models", "BldIt.Models\BldIt.Models.csproj", "{05A64AE4-FCE9-4959-AFC3-2B137EF631BC}"
EndProject
Project("{FAE04EC0-301F-11D3-BF4B-00C04F79EFBC}") = "BldIt.Common", "BldIt.Common\BldIt.Common.csproj", "{411C3C7F-C913-4E3F-9A33-19B07C78BD00}"
EndProject
Global
	GlobalSection(SolutionConfigurationPlatforms) = preSolution
		Debug|Any CPU = Debug|Any CPU
		Release|Any CPU = Release|Any CPU
	EndGlobalSection
	GlobalSection(NestedProjects) = preSolution
		{6C1AC2F0-2AC6-4991-9536-EAD2C0C9F201} = {AF3A7DF8-3D59-4199-AE17-7B2C1C771CFC}
		{5C85613E-FE55-469C-BC01-D3F5CF44DBD4} = {AF3A7DF8-3D59-4199-AE17-7B2C1C771CFC}
		{05A64AE4-FCE9-4959-AFC3-2B137EF631BC} = {AF3A7DF8-3D59-4199-AE17-7B2C1C771CFC}
		{411C3C7F-C913-4E3F-9A33-19B07C78BD00} = {AF3A7DF8-3D59-4199-AE17-7B2C1C771CFC}
	EndGlobalSection
	GlobalSection(ProjectConfigurationPlatforms) = postSolution
		{6C1AC2F0-2AC6-4991-9536-EAD2C0C9F201}.Debug|Any CPU.ActiveCfg = Debug|Any CPU
		{6C1AC2F0-2AC6-4991-9536-EAD2C0C9F201}.Debug|Any CPU.Build.0 = Debug|Any CPU
		{6C1AC2F0-2AC6-4991-9536-EAD2C0C9F201}.Release|Any CPU.ActiveCfg = Release|Any CPU
		{6C1AC2F0-2AC6-4991-9536-EAD2C0C9F201}.Release|Any CPU.Build.0 = Release|Any CPU
		{5C85613E-FE55-469C-BC01-D3F5CF44DBD4}.Debug|Any CPU.ActiveCfg = Debug|Any CPU
		{5C85613E-FE55-469C-BC01-D3F5CF44DBD4}.Debug|Any CPU.Build.0 = Debug|Any CPU
		{5C85613E-FE55-469C-BC01-D3F5CF44DBD4}.Release|Any CPU.ActiveCfg = Release|Any CPU
		{5C85613E-FE55-469C-BC01-D3F5CF44DBD4}.Release|Any CPU.Build.0 = Release|Any CPU
		{05A64AE4-FCE9-4959-AFC3-2B137EF631BC}.Debug|Any CPU.ActiveCfg = Debug|Any CPU
		{05A64AE4-FCE9-4959-AFC3-2B137EF631BC}.Debug|Any CPU.Build.0 = Debug|Any CPU
		{05A64AE4-FCE9-4959-AFC3-2B137EF631BC}.Release|Any CPU.ActiveCfg = Release|Any CPU
		{05A64AE4-FCE9-4959-AFC3-2B137EF631BC}.Release|Any CPU.Build.0 = Release|Any CPU
		{411C3C7F-C913-4E3F-9A33-19B07C78BD00}.Debug|Any CPU.ActiveCfg = Debug|Any CPU
		{411C3C7F-C913-4E3F-9A33-19B07C78BD00}.Debug|Any CPU.Build.0 = Debug|Any CPU
		{411C3C7F-C913-4E3F-9A33-19B07C78BD00}.Release|Any CPU.ActiveCfg = Release|Any CPU
		{411C3C7F-C913-4E3F-9A33-19B07C78BD00}.Release|Any CPU.Build.0 = Release|Any CPU
	EndGlobalSection
EndGlobal
