
Microsoft Visual Studio Solution File, Format Version 12.00
Project("{2150E333-8FDC-42A3-9474-1A3956D46DE8}") = "src", "src", "{AF3A7DF8-3D59-4199-AE17-7B2C1C771CFC}"
EndProject
Project("{2150E333-8FDC-42A3-9474-1A3956D46DE8}") = "test", "test", "{1CB36AFD-74EC-4852-B641-8DA868FCCDA2}"
EndProject
Project("{FAE04EC0-301F-11D3-BF4B-00C04F79EFBC}") = "BldIt.Api", "BldIt.Api\BldIt.Api.csproj", "{6C1AC2F0-2AC6-4991-9536-EAD2C0C9F201}"
EndProject
Project("{FAE04EC0-301F-11D3-BF4B-00C04F79EFBC}") = "BldIt.Data", "BldIt.Data\BldIt.Data.csproj", "{5C85613E-FE55-469C-BC01-D3F5CF44DBD4}"
EndProject
Project("{FAE04EC0-301F-11D3-BF4B-00C04F79EFBC}") = "BldIt.Models", "BldIt.Models\BldIt.Models.csproj", "{05A64AE4-FCE9-4959-AFC3-2B137EF631BC}"
EndProject
Project("{2150E333-8FDC-42A3-9474-1A3956D46DE8}") = "services", "services", "{4C2EFCA6-89B0-4B7A-B35E-8A2E1AFB2862}"
EndProject
Project("{FAE04EC0-301F-11D3-BF4B-00C04F79EFBC}") = "BldIt.Projects.Service", "services\BldIt.Projects.Service\BldIt.Projects.Service.csproj", "{AC6C081F-12DD-4074-BCFE-2C8FCC502BE8}"
EndProject
Project("{FAE04EC0-301F-11D3-BF4B-00C04F79EFBC}") = "BldIt.Builds.Service", "services\BldIt.Builds.Service\BldIt.Builds.Service.csproj", "{CE231C33-E095-44B6-B1CC-C9CDC5269FDA}"
EndProject
Project("{2150E333-8FDC-42A3-9474-1A3956D46DE8}") = "shared", "shared", "{675AB3B4-ED96-4CD2-BC69-4A9FD6A88EC3}"
EndProject
Project("{FAE04EC0-301F-11D3-BF4B-00C04F79EFBC}") = "BldIt.Shared", "shared\BldIt.Shared\BldIt.Shared.csproj", "{D04A97EE-E29D-4CB9-A2EA-D7185D9610E4}"
EndProject
Project("{FAE04EC0-301F-11D3-BF4B-00C04F79EFBC}") = "BldIt.Api.Shared", "shared\BldIt.Api.Shared\BldIt.Api.Shared.csproj", "{6C4CBDE0-585A-4962-8627-2BACCE099CD3}"
EndProject
Project("{2150E333-8FDC-42A3-9474-1A3956D46DE8}") = "identity", "identity", "{314C2DCA-1342-4C9C-9BF2-A243FB33B5D3}"
	ProjectSection(SolutionItems) = preProject
		services\identity\BuildIdentity.bat = services\identity\BuildIdentity.bat
		services\identity\UpdateApiSharedLib.bat = services\identity\UpdateApiSharedLib.bat
	EndProjectSection
EndProject
Project("{FAE04EC0-301F-11D3-BF4B-00C04F79EFBC}") = "BldIt.Identity.Api", "services\identity\BldIt.Identity.Api\BldIt.Identity.Api.csproj", "{3451AAE9-10A7-434B-B0C1-CD1BE8874C82}"
EndProject
Project("{FAE04EC0-301F-11D3-BF4B-00C04F79EFBC}") = "BldIt.Identity.Contracts", "services\identity\BldIt.Identity.Contracts\BldIt.Identity.Contracts.csproj", "{31D844CB-B355-4307-ABFB-998E68608D49}"
EndProject
Project("{FAE04EC0-301F-11D3-BF4B-00C04F79EFBC}") = "BldIt.Identity.Core", "services\identity\BldIt.Identity.Core\BldIt.Identity.Core.csproj", "{49A7B1C3-CCC6-4A55-81E4-76910B12E7B3}"
EndProject
Project("{2150E333-8FDC-42A3-9474-1A3956D46DE8}") = "projects", "projects", "{88EE4654-6488-46DD-80CE-3446781AEBAC}"
EndProject
Project("{2150E333-8FDC-42A3-9474-1A3956D46DE8}") = "builds", "builds", "{E60AA9F4-E0E0-4AC2-BBD5-A3359EA637A7}"
EndProject
Global
	GlobalSection(SolutionConfigurationPlatforms) = preSolution
		Debug|Any CPU = Debug|Any CPU
		Release|Any CPU = Release|Any CPU
	EndGlobalSection
	GlobalSection(NestedProjects) = preSolution
		{6C1AC2F0-2AC6-4991-9536-EAD2C0C9F201} = {AF3A7DF8-3D59-4199-AE17-7B2C1C771CFC}
		{5C85613E-FE55-469C-BC01-D3F5CF44DBD4} = {AF3A7DF8-3D59-4199-AE17-7B2C1C771CFC}
		{05A64AE4-FCE9-4959-AFC3-2B137EF631BC} = {AF3A7DF8-3D59-4199-AE17-7B2C1C771CFC}
		{4C2EFCA6-89B0-4B7A-B35E-8A2E1AFB2862} = {AF3A7DF8-3D59-4199-AE17-7B2C1C771CFC}
		{AC6C081F-12DD-4074-BCFE-2C8FCC502BE8} = {4C2EFCA6-89B0-4B7A-B35E-8A2E1AFB2862}
		{CE231C33-E095-44B6-B1CC-C9CDC5269FDA} = {4C2EFCA6-89B0-4B7A-B35E-8A2E1AFB2862}
		{675AB3B4-ED96-4CD2-BC69-4A9FD6A88EC3} = {AF3A7DF8-3D59-4199-AE17-7B2C1C771CFC}
		{D04A97EE-E29D-4CB9-A2EA-D7185D9610E4} = {675AB3B4-ED96-4CD2-BC69-4A9FD6A88EC3}
		{6C4CBDE0-585A-4962-8627-2BACCE099CD3} = {675AB3B4-ED96-4CD2-BC69-4A9FD6A88EC3}
		{314C2DCA-1342-4C9C-9BF2-A243FB33B5D3} = {4C2EFCA6-89B0-4B7A-B35E-8A2E1AFB2862}
		{3451AAE9-10A7-434B-B0C1-CD1BE8874C82} = {314C2DCA-1342-4C9C-9BF2-A243FB33B5D3}
		{31D844CB-B355-4307-ABFB-998E68608D49} = {314C2DCA-1342-4C9C-9BF2-A243FB33B5D3}
		{49A7B1C3-CCC6-4A55-81E4-76910B12E7B3} = {314C2DCA-1342-4C9C-9BF2-A243FB33B5D3}
		{88EE4654-6488-46DD-80CE-3446781AEBAC} = {4C2EFCA6-89B0-4B7A-B35E-8A2E1AFB2862}
		{E60AA9F4-E0E0-4AC2-BBD5-A3359EA637A7} = {4C2EFCA6-89B0-4B7A-B35E-8A2E1AFB2862}
	EndGlobalSection
	GlobalSection(ProjectConfigurationPlatforms) = postSolution
		{6C1AC2F0-2AC6-4991-9536-EAD2C0C9F201}.Debug|Any CPU.ActiveCfg = Debug|Any CPU
		{6C1AC2F0-2AC6-4991-9536-EAD2C0C9F201}.Debug|Any CPU.Build.0 = Debug|Any CPU
		{6C1AC2F0-2AC6-4991-9536-EAD2C0C9F201}.Release|Any CPU.ActiveCfg = Release|Any CPU
		{6C1AC2F0-2AC6-4991-9536-EAD2C0C9F201}.Release|Any CPU.Build.0 = Release|Any CPU
		{5C85613E-FE55-469C-BC01-D3F5CF44DBD4}.Debug|Any CPU.ActiveCfg = Debug|Any CPU
		{5C85613E-FE55-469C-BC01-D3F5CF44DBD4}.Debug|Any CPU.Build.0 = Debug|Any CPU
		{5C85613E-FE55-469C-BC01-D3F5CF44DBD4}.Release|Any CPU.ActiveCfg = Release|Any CPU
		{5C85613E-FE55-469C-BC01-D3F5CF44DBD4}.Release|Any CPU.Build.0 = Release|Any CPU
		{05A64AE4-FCE9-4959-AFC3-2B137EF631BC}.Debug|Any CPU.ActiveCfg = Debug|Any CPU
		{05A64AE4-FCE9-4959-AFC3-2B137EF631BC}.Debug|Any CPU.Build.0 = Debug|Any CPU
		{05A64AE4-FCE9-4959-AFC3-2B137EF631BC}.Release|Any CPU.ActiveCfg = Release|Any CPU
		{05A64AE4-FCE9-4959-AFC3-2B137EF631BC}.Release|Any CPU.Build.0 = Release|Any CPU
		{AC6C081F-12DD-4074-BCFE-2C8FCC502BE8}.Debug|Any CPU.ActiveCfg = Debug|Any CPU
		{AC6C081F-12DD-4074-BCFE-2C8FCC502BE8}.Debug|Any CPU.Build.0 = Debug|Any CPU
		{AC6C081F-12DD-4074-BCFE-2C8FCC502BE8}.Release|Any CPU.ActiveCfg = Release|Any CPU
		{AC6C081F-12DD-4074-BCFE-2C8FCC502BE8}.Release|Any CPU.Build.0 = Release|Any CPU
		{CE231C33-E095-44B6-B1CC-C9CDC5269FDA}.Debug|Any CPU.ActiveCfg = Debug|Any CPU
		{CE231C33-E095-44B6-B1CC-C9CDC5269FDA}.Debug|Any CPU.Build.0 = Debug|Any CPU
		{CE231C33-E095-44B6-B1CC-C9CDC5269FDA}.Release|Any CPU.ActiveCfg = Release|Any CPU
		{CE231C33-E095-44B6-B1CC-C9CDC5269FDA}.Release|Any CPU.Build.0 = Release|Any CPU
		{D04A97EE-E29D-4CB9-A2EA-D7185D9610E4}.Debug|Any CPU.ActiveCfg = Debug|Any CPU
		{D04A97EE-E29D-4CB9-A2EA-D7185D9610E4}.Debug|Any CPU.Build.0 = Debug|Any CPU
		{D04A97EE-E29D-4CB9-A2EA-D7185D9610E4}.Release|Any CPU.ActiveCfg = Release|Any CPU
		{D04A97EE-E29D-4CB9-A2EA-D7185D9610E4}.Release|Any CPU.Build.0 = Release|Any CPU
		{6C4CBDE0-585A-4962-8627-2BACCE099CD3}.Debug|Any CPU.ActiveCfg = Debug|Any CPU
		{6C4CBDE0-585A-4962-8627-2BACCE099CD3}.Debug|Any CPU.Build.0 = Debug|Any CPU
		{6C4CBDE0-585A-4962-8627-2BACCE099CD3}.Release|Any CPU.ActiveCfg = Release|Any CPU
		{6C4CBDE0-585A-4962-8627-2BACCE099CD3}.Release|Any CPU.Build.0 = Release|Any CPU
		{3451AAE9-10A7-434B-B0C1-CD1BE8874C82}.Debug|Any CPU.ActiveCfg = Debug|Any CPU
		{3451AAE9-10A7-434B-B0C1-CD1BE8874C82}.Debug|Any CPU.Build.0 = Debug|Any CPU
		{3451AAE9-10A7-434B-B0C1-CD1BE8874C82}.Release|Any CPU.ActiveCfg = Release|Any CPU
		{3451AAE9-10A7-434B-B0C1-CD1BE8874C82}.Release|Any CPU.Build.0 = Release|Any CPU
		{31D844CB-B355-4307-ABFB-998E68608D49}.Debug|Any CPU.ActiveCfg = Debug|Any CPU
		{31D844CB-B355-4307-ABFB-998E68608D49}.Debug|Any CPU.Build.0 = Debug|Any CPU
		{31D844CB-B355-4307-ABFB-998E68608D49}.Release|Any CPU.ActiveCfg = Release|Any CPU
		{31D844CB-B355-4307-ABFB-998E68608D49}.Release|Any CPU.Build.0 = Release|Any CPU
		{49A7B1C3-CCC6-4A55-81E4-76910B12E7B3}.Debug|Any CPU.ActiveCfg = Debug|Any CPU
		{49A7B1C3-CCC6-4A55-81E4-76910B12E7B3}.Debug|Any CPU.Build.0 = Debug|Any CPU
		{49A7B1C3-CCC6-4A55-81E4-76910B12E7B3}.Release|Any CPU.ActiveCfg = Release|Any CPU
		{49A7B1C3-CCC6-4A55-81E4-76910B12E7B3}.Release|Any CPU.Build.0 = Release|Any CPU
	EndGlobalSection
EndGlobal
