
Microsoft Visual Studio Solution File, Format Version 12.00
Project("{2150E333-8FDC-42A3-9474-1A3956D46DE8}") = "src", "src", "{AF3A7DF8-3D59-4199-AE17-7B2C1C771CFC}"
EndProject
Project("{2150E333-8FDC-42A3-9474-1A3956D46DE8}") = "test", "test", "{1CB36AFD-74EC-4852-B641-8DA868FCCDA2}"
EndProject
Project("{2150E333-8FDC-42A3-9474-1A3956D46DE8}") = "services", "services", "{4C2EFCA6-89B0-4B7A-B35E-8A2E1AFB2862}"
	ProjectSection(SolutionItems) = preProject
		services\update-api-shared.bat = services\update-api-shared.bat
	EndProjectSection
EndProject
Project("{2150E333-8FDC-42A3-9474-1A3956D46DE8}") = "shared", "shared", "{675AB3B4-ED96-4CD2-BC69-4A9FD6A88EC3}"
EndProject
Project("{FAE04EC0-301F-11D3-BF4B-00C04F79EFBC}") = "BldIt.Shared", "shared\BldIt.Shared\BldIt.Shared.csproj", "{D04A97EE-E29D-4CB9-A2EA-D7185D9610E4}"
EndProject
Project("{FAE04EC0-301F-11D3-BF4B-00C04F79EFBC}") = "BldIt.Api.Shared", "shared\BldIt.Api.Shared\BldIt.Api.Shared.csproj", "{6C4CBDE0-585A-4962-8627-2BACCE099CD3}"
EndProject
Project("{2150E333-8FDC-42A3-9474-1A3956D46DE8}") = "identity", "identity", "{314C2DCA-1342-4C9C-9BF2-A243FB33B5D3}"
	ProjectSection(SolutionItems) = preProject
		services\identity\Build.bat = services\identity\Build.bat
		services\identity\Dockerfile = services\identity\Dockerfile
	EndProjectSection
EndProject
Project("{FAE04EC0-301F-11D3-BF4B-00C04F79EFBC}") = "BldIt.Identity.Api", "services\identity\BldIt.Identity.Api\BldIt.Identity.Api.csproj", "{3451AAE9-10A7-434B-B0C1-CD1BE8874C82}"
EndProject
Project("{FAE04EC0-301F-11D3-BF4B-00C04F79EFBC}") = "BldIt.Identity.Contracts", "services\identity\BldIt.Identity.Contracts\BldIt.Identity.Contracts.csproj", "{31D844CB-B355-4307-ABFB-998E68608D49}"
EndProject
Project("{FAE04EC0-301F-11D3-BF4B-00C04F79EFBC}") = "BldIt.Identity.Core", "services\identity\BldIt.Identity.Core\BldIt.Identity.Core.csproj", "{49A7B1C3-CCC6-4A55-81E4-76910B12E7B3}"
EndProject
Project("{2150E333-8FDC-42A3-9474-1A3956D46DE8}") = "projects", "projects", "{88EE4654-6488-46DD-80CE-3446781AEBAC}"
	ProjectSection(SolutionItems) = preProject
		services\projects\Build.bat = services\projects\Build.bat
		services\projects\Dockerfile = services\projects\Dockerfile
	EndProjectSection
EndProject
Project("{2150E333-8FDC-42A3-9474-1A3956D46DE8}") = "builds", "builds", "{E60AA9F4-E0E0-4AC2-BBD5-A3359EA637A7}"
	ProjectSection(SolutionItems) = preProject
		services\builds\Build.bat = services\builds\Build.bat
		services\builds\Dockerfile = services\builds\Dockerfile
	EndProjectSection
EndProject
Project("{FAE04EC0-301F-11D3-BF4B-00C04F79EFBC}") = "BldIt.Builds.Api", "services\builds\BldIt.Builds.Api\BldIt.Builds.Api.csproj", "{896576BC-4D53-437A-9AFA-EC46B5A1D187}"
EndProject
Project("{FAE04EC0-301F-11D3-BF4B-00C04F79EFBC}") = "BldIt.Builds.Contracts", "services\builds\BldIt.Builds.Contracts\BldIt.Builds.Contracts.csproj", "{FF058D8B-0B93-491F-878B-984F0E0B6D9E}"
EndProject
Project("{FAE04EC0-301F-11D3-BF4B-00C04F79EFBC}") = "BldIt.Builds.Core", "services\builds\BldIt.Builds.Core\BldIt.Builds.Core.csproj", "{7965F3AE-F79D-4248-A9AE-FF98E21EC639}"
EndProject
Project("{FAE04EC0-301F-11D3-BF4B-00C04F79EFBC}") = "BldIt.Projects.Api", "services\projects\BldIt.Projects.Api\BldIt.Projects.Api.csproj", "{E761E74F-45E2-4757-88B3-5AB0B3DE0542}"
EndProject
Project("{FAE04EC0-301F-11D3-BF4B-00C04F79EFBC}") = "BldIt.Projects.Contracts", "services\projects\BldIt.Projects.Contracts\BldIt.Projects.Contracts.csproj", "{937351FA-EF0B-48D0-9D1F-143D111B1E96}"
EndProject
Project("{FAE04EC0-301F-11D3-BF4B-00C04F79EFBC}") = "BldIt.Projects.Core", "services\projects\BldIt.Projects.Core\BldIt.Projects.Core.csproj", "{547E6AFE-6363-4592-9708-E6B83CB08008}"
EndProject
Project("{2150E333-8FDC-42A3-9474-1A3956D46DE8}") = "jobs", "jobs", "{10CCFE6B-E8BA-4FCA-9F41-010668F0B71A}"
	ProjectSection(SolutionItems) = preProject
		services\jobs\Build.bat = services\jobs\Build.bat
		services\jobs\Dockerfile = services\jobs\Dockerfile
	EndProjectSection
EndProject
Project("{FAE04EC0-301F-11D3-BF4B-00C04F79EFBC}") = "BldIt.Jobs.Api", "services\jobs\BldIt.Jobs.Api\BldIt.Jobs.Api.csproj", "{82E51C73-B3BA-4F05-A820-B9D8335EDFB4}"
EndProject
Project("{FAE04EC0-301F-11D3-BF4B-00C04F79EFBC}") = "BldIt.Jobs.Contracts", "services\jobs\BldIt.Jobs.Contracts\BldIt.Jobs.Contracts.csproj", "{FE993429-E39B-4EE3-A382-2EC65D268723}"
EndProject
Project("{FAE04EC0-301F-11D3-BF4B-00C04F79EFBC}") = "BldIt.Jobs.Core", "services\jobs\BldIt.Jobs.Core\BldIt.Jobs.Core.csproj", "{426E5D51-9432-4537-992C-85770ADDE668}"
EndProject
Project("{2150E333-8FDC-42A3-9474-1A3956D46DE8}") = "shared", "shared", "{506DC885-41AC-4E4D-B20A-47B79F670E58}"
EndProject
Project("{FAE04EC0-301F-11D3-BF4B-00C04F79EFBC}") = "BldIt.Shared.Tests", "..\test\shared\BldIt.Shared.Tests\BldIt.Shared.Tests.csproj", "{3F6A9486-ADEF-406E-8BD7-2727171DDEF0}"
EndProject
Project("{2150E333-8FDC-42A3-9474-1A3956D46DE8}") = "buildScheduler", "buildScheduler", "{7AAE4E63-C3DE-4904-BD16-E1AB96B8D715}"
	ProjectSection(SolutionItems) = preProject
		services\buildScheduler\Build.bat = services\buildScheduler\Build.bat
		services\buildScheduler\Dockerfile = services\buildScheduler\Dockerfile
	EndProjectSection
EndProject
Project("{FAE04EC0-301F-11D3-BF4B-00C04F79EFBC}") = "BldIt.BuildScheduler.Api", "services\buildScheduler\BldIt.BuildScheduler.Api\BldIt.BuildScheduler.Api.csproj", "{D6652DEB-2064-40CA-8A97-AE4A7CFA34EC}"
EndProject
Project("{FAE04EC0-301F-11D3-BF4B-00C04F79EFBC}") = "BldIt.BuildScheduler.Core", "services\buildScheduler\BldIt.BuildScheduler.Core\BldIt.BuildScheduler.Core.csproj", "{10F998B9-F759-45E5-AE25-7706AD9FC6EB}"
EndProject
Project("{FAE04EC0-301F-11D3-BF4B-00C04F79EFBC}") = "BldIt.BuildScheduler.Contracts", "services\buildScheduler\BldIt.BuildScheduler.Contracts\BldIt.BuildScheduler.Contracts.csproj", "{4A678718-272F-4B4E-9E65-A346881CF5AF}"
EndProject
Project("{2150E333-8FDC-42A3-9474-1A3956D46DE8}") = "buildWorker", "buildWorker", "{B7FBA1D9-EA8A-4D76-B001-45EF5DA90CA1}"
	ProjectSection(SolutionItems) = preProject
		services\buildWorker\Build.bat = services\buildWorker\Build.bat
		services\buildWorker\Dockerfile = services\buildWorker\Dockerfile
	EndProjectSection
EndProject
Project("{FAE04EC0-301F-11D3-BF4B-00C04F79EFBC}") = "BldIt.BuildWorker.Contracts", "services\buildWorker\BldIt.BuildWorker.Contracts\BldIt.BuildWorker.Contracts.csproj", "{2D592BBB-A6CE-48B2-801B-3D526B2BB3AB}"
EndProject
Project("{FAE04EC0-301F-11D3-BF4B-00C04F79EFBC}") = "BldIt.BuildWorker.Core", "services\buildWorker\BldIt.BuildWorker.Core\BldIt.BuildWorker.Core.csproj", "{688A2A07-18F6-4A5C-B26C-F4652E63FD07}"
EndProject
Project("{FAE04EC0-301F-11D3-BF4B-00C04F79EFBC}") = "BldIt.BuildWorker.Api", "services\buildWorker\BldIt.BuildWorker.Api\BldIt.BuildWorker.Api.csproj", "{692C48A4-14F0-49E6-AB8F-33075B4CB40C}"
EndProject
Project("{2150E333-8FDC-42A3-9474-1A3956D46DE8}") = "files", "files", "{CC91270F-6F74-4471-B731-FCA4B1659C56}"
	ProjectSection(SolutionItems) = preProject
		services\files\Build.bat = services\files\Build.bat
		services\files\Dockerfile = services\files\Dockerfile
	EndProjectSection
EndProject
Project("{FAE04EC0-301F-11D3-BF4B-00C04F79EFBC}") = "BldIt.Files.Api", "services\files\BldIt.Files.Api\BldIt.Files.Api.csproj", "{3E73DA64-E703-44B7-9E66-095945CA4850}"
EndProject
Project("{FAE04EC0-301F-11D3-BF4B-00C04F79EFBC}") = "BldIt.Files.Core", "services\files\BldIt.Files.Core\BldIt.Files.Core.csproj", "{38D93F2F-AA97-47AC-984E-DC9D47BB573B}"
EndProject
Project("{FAE04EC0-301F-11D3-BF4B-00C04F79EFBC}") = "BldIt.Files.Contracts", "services\files\BldIt.Files.Contracts\BldIt.Files.Contracts.csproj", "{283C0FDA-9E8C-41F1-86DA-CAAB7D7C08E7}"
EndProject
Global
	GlobalSection(SolutionConfigurationPlatforms) = preSolution
		Debug|Any CPU = Debug|Any CPU
		Release|Any CPU = Release|Any CPU
	EndGlobalSection
	GlobalSection(NestedProjects) = preSolution
		{4C2EFCA6-89B0-4B7A-B35E-8A2E1AFB2862} = {AF3A7DF8-3D59-4199-AE17-7B2C1C771CFC}
		{675AB3B4-ED96-4CD2-BC69-4A9FD6A88EC3} = {AF3A7DF8-3D59-4199-AE17-7B2C1C771CFC}
		{D04A97EE-E29D-4CB9-A2EA-D7185D9610E4} = {675AB3B4-ED96-4CD2-BC69-4A9FD6A88EC3}
		{6C4CBDE0-585A-4962-8627-2BACCE099CD3} = {675AB3B4-ED96-4CD2-BC69-4A9FD6A88EC3}
		{314C2DCA-1342-4C9C-9BF2-A243FB33B5D3} = {4C2EFCA6-89B0-4B7A-B35E-8A2E1AFB2862}
		{3451AAE9-10A7-434B-B0C1-CD1BE8874C82} = {314C2DCA-1342-4C9C-9BF2-A243FB33B5D3}
		{31D844CB-B355-4307-ABFB-998E68608D49} = {314C2DCA-1342-4C9C-9BF2-A243FB33B5D3}
		{49A7B1C3-CCC6-4A55-81E4-76910B12E7B3} = {314C2DCA-1342-4C9C-9BF2-A243FB33B5D3}
		{88EE4654-6488-46DD-80CE-3446781AEBAC} = {4C2EFCA6-89B0-4B7A-B35E-8A2E1AFB2862}
		{E60AA9F4-E0E0-4AC2-BBD5-A3359EA637A7} = {4C2EFCA6-89B0-4B7A-B35E-8A2E1AFB2862}
		{896576BC-4D53-437A-9AFA-EC46B5A1D187} = {E60AA9F4-E0E0-4AC2-BBD5-A3359EA637A7}
		{FF058D8B-0B93-491F-878B-984F0E0B6D9E} = {E60AA9F4-E0E0-4AC2-BBD5-A3359EA637A7}
		{7965F3AE-F79D-4248-A9AE-FF98E21EC639} = {E60AA9F4-E0E0-4AC2-BBD5-A3359EA637A7}
		{E761E74F-45E2-4757-88B3-5AB0B3DE0542} = {88EE4654-6488-46DD-80CE-3446781AEBAC}
		{937351FA-EF0B-48D0-9D1F-143D111B1E96} = {88EE4654-6488-46DD-80CE-3446781AEBAC}
		{547E6AFE-6363-4592-9708-E6B83CB08008} = {88EE4654-6488-46DD-80CE-3446781AEBAC}
		{10CCFE6B-E8BA-4FCA-9F41-010668F0B71A} = {4C2EFCA6-89B0-4B7A-B35E-8A2E1AFB2862}
		{82E51C73-B3BA-4F05-A820-B9D8335EDFB4} = {10CCFE6B-E8BA-4FCA-9F41-010668F0B71A}
		{FE993429-E39B-4EE3-A382-2EC65D268723} = {10CCFE6B-E8BA-4FCA-9F41-010668F0B71A}
		{426E5D51-9432-4537-992C-85770ADDE668} = {10CCFE6B-E8BA-4FCA-9F41-010668F0B71A}
		{506DC885-41AC-4E4D-B20A-47B79F670E58} = {1CB36AFD-74EC-4852-B641-8DA868FCCDA2}
		{3F6A9486-ADEF-406E-8BD7-2727171DDEF0} = {506DC885-41AC-4E4D-B20A-47B79F670E58}
		{7AAE4E63-C3DE-4904-BD16-E1AB96B8D715} = {4C2EFCA6-89B0-4B7A-B35E-8A2E1AFB2862}
		{D6652DEB-2064-40CA-8A97-AE4A7CFA34EC} = {7AAE4E63-C3DE-4904-BD16-E1AB96B8D715}
		{10F998B9-F759-45E5-AE25-7706AD9FC6EB} = {7AAE4E63-C3DE-4904-BD16-E1AB96B8D715}
		{4A678718-272F-4B4E-9E65-A346881CF5AF} = {7AAE4E63-C3DE-4904-BD16-E1AB96B8D715}
		{B7FBA1D9-EA8A-4D76-B001-45EF5DA90CA1} = {4C2EFCA6-89B0-4B7A-B35E-8A2E1AFB2862}
		{2D592BBB-A6CE-48B2-801B-3D526B2BB3AB} = {B7FBA1D9-EA8A-4D76-B001-45EF5DA90CA1}
		{688A2A07-18F6-4A5C-B26C-F4652E63FD07} = {B7FBA1D9-EA8A-4D76-B001-45EF5DA90CA1}
		{692C48A4-14F0-49E6-AB8F-33075B4CB40C} = {B7FBA1D9-EA8A-4D76-B001-45EF5DA90CA1}
		{CC91270F-6F74-4471-B731-FCA4B1659C56} = {4C2EFCA6-89B0-4B7A-B35E-8A2E1AFB2862}
		{3E73DA64-E703-44B7-9E66-095945CA4850} = {CC91270F-6F74-4471-B731-FCA4B1659C56}
		{38D93F2F-AA97-47AC-984E-DC9D47BB573B} = {CC91270F-6F74-4471-B731-FCA4B1659C56}
		{283C0FDA-9E8C-41F1-86DA-CAAB7D7C08E7} = {CC91270F-6F74-4471-B731-FCA4B1659C56}
	EndGlobalSection
	GlobalSection(ProjectConfigurationPlatforms) = postSolution
		{D04A97EE-E29D-4CB9-A2EA-D7185D9610E4}.Debug|Any CPU.ActiveCfg = Debug|Any CPU
		{D04A97EE-E29D-4CB9-A2EA-D7185D9610E4}.Debug|Any CPU.Build.0 = Debug|Any CPU
		{D04A97EE-E29D-4CB9-A2EA-D7185D9610E4}.Release|Any CPU.ActiveCfg = Release|Any CPU
		{D04A97EE-E29D-4CB9-A2EA-D7185D9610E4}.Release|Any CPU.Build.0 = Release|Any CPU
		{6C4CBDE0-585A-4962-8627-2BACCE099CD3}.Debug|Any CPU.ActiveCfg = Debug|Any CPU
		{6C4CBDE0-585A-4962-8627-2BACCE099CD3}.Debug|Any CPU.Build.0 = Debug|Any CPU
		{6C4CBDE0-585A-4962-8627-2BACCE099CD3}.Release|Any CPU.ActiveCfg = Release|Any CPU
		{6C4CBDE0-585A-4962-8627-2BACCE099CD3}.Release|Any CPU.Build.0 = Release|Any CPU
		{3451AAE9-10A7-434B-B0C1-CD1BE8874C82}.Debug|Any CPU.ActiveCfg = Debug|Any CPU
		{3451AAE9-10A7-434B-B0C1-CD1BE8874C82}.Debug|Any CPU.Build.0 = Debug|Any CPU
		{3451AAE9-10A7-434B-B0C1-CD1BE8874C82}.Release|Any CPU.ActiveCfg = Release|Any CPU
		{3451AAE9-10A7-434B-B0C1-CD1BE8874C82}.Release|Any CPU.Build.0 = Release|Any CPU
		{31D844CB-B355-4307-ABFB-998E68608D49}.Debug|Any CPU.ActiveCfg = Debug|Any CPU
		{31D844CB-B355-4307-ABFB-998E68608D49}.Debug|Any CPU.Build.0 = Debug|Any CPU
		{31D844CB-B355-4307-ABFB-998E68608D49}.Release|Any CPU.ActiveCfg = Release|Any CPU
		{31D844CB-B355-4307-ABFB-998E68608D49}.Release|Any CPU.Build.0 = Release|Any CPU
		{49A7B1C3-CCC6-4A55-81E4-76910B12E7B3}.Debug|Any CPU.ActiveCfg = Debug|Any CPU
		{49A7B1C3-CCC6-4A55-81E4-76910B12E7B3}.Debug|Any CPU.Build.0 = Debug|Any CPU
		{49A7B1C3-CCC6-4A55-81E4-76910B12E7B3}.Release|Any CPU.ActiveCfg = Release|Any CPU
		{49A7B1C3-CCC6-4A55-81E4-76910B12E7B3}.Release|Any CPU.Build.0 = Release|Any CPU
		{896576BC-4D53-437A-9AFA-EC46B5A1D187}.Debug|Any CPU.ActiveCfg = Debug|Any CPU
		{896576BC-4D53-437A-9AFA-EC46B5A1D187}.Debug|Any CPU.Build.0 = Debug|Any CPU
		{896576BC-4D53-437A-9AFA-EC46B5A1D187}.Release|Any CPU.ActiveCfg = Release|Any CPU
		{896576BC-4D53-437A-9AFA-EC46B5A1D187}.Release|Any CPU.Build.0 = Release|Any CPU
		{FF058D8B-0B93-491F-878B-984F0E0B6D9E}.Debug|Any CPU.ActiveCfg = Debug|Any CPU
		{FF058D8B-0B93-491F-878B-984F0E0B6D9E}.Debug|Any CPU.Build.0 = Debug|Any CPU
		{FF058D8B-0B93-491F-878B-984F0E0B6D9E}.Release|Any CPU.ActiveCfg = Release|Any CPU
		{FF058D8B-0B93-491F-878B-984F0E0B6D9E}.Release|Any CPU.Build.0 = Release|Any CPU
		{7965F3AE-F79D-4248-A9AE-FF98E21EC639}.Debug|Any CPU.ActiveCfg = Debug|Any CPU
		{7965F3AE-F79D-4248-A9AE-FF98E21EC639}.Debug|Any CPU.Build.0 = Debug|Any CPU
		{7965F3AE-F79D-4248-A9AE-FF98E21EC639}.Release|Any CPU.ActiveCfg = Release|Any CPU
		{7965F3AE-F79D-4248-A9AE-FF98E21EC639}.Release|Any CPU.Build.0 = Release|Any CPU
		{E761E74F-45E2-4757-88B3-5AB0B3DE0542}.Debug|Any CPU.ActiveCfg = Debug|Any CPU
		{E761E74F-45E2-4757-88B3-5AB0B3DE0542}.Debug|Any CPU.Build.0 = Debug|Any CPU
		{E761E74F-45E2-4757-88B3-5AB0B3DE0542}.Release|Any CPU.ActiveCfg = Release|Any CPU
		{E761E74F-45E2-4757-88B3-5AB0B3DE0542}.Release|Any CPU.Build.0 = Release|Any CPU
		{937351FA-EF0B-48D0-9D1F-143D111B1E96}.Debug|Any CPU.ActiveCfg = Debug|Any CPU
		{937351FA-EF0B-48D0-9D1F-143D111B1E96}.Debug|Any CPU.Build.0 = Debug|Any CPU
		{937351FA-EF0B-48D0-9D1F-143D111B1E96}.Release|Any CPU.ActiveCfg = Release|Any CPU
		{937351FA-EF0B-48D0-9D1F-143D111B1E96}.Release|Any CPU.Build.0 = Release|Any CPU
		{547E6AFE-6363-4592-9708-E6B83CB08008}.Debug|Any CPU.ActiveCfg = Debug|Any CPU
		{547E6AFE-6363-4592-9708-E6B83CB08008}.Debug|Any CPU.Build.0 = Debug|Any CPU
		{547E6AFE-6363-4592-9708-E6B83CB08008}.Release|Any CPU.ActiveCfg = Release|Any CPU
		{547E6AFE-6363-4592-9708-E6B83CB08008}.Release|Any CPU.Build.0 = Release|Any CPU
		{82E51C73-B3BA-4F05-A820-B9D8335EDFB4}.Debug|Any CPU.ActiveCfg = Debug|Any CPU
		{82E51C73-B3BA-4F05-A820-B9D8335EDFB4}.Debug|Any CPU.Build.0 = Debug|Any CPU
		{82E51C73-B3BA-4F05-A820-B9D8335EDFB4}.Release|Any CPU.ActiveCfg = Release|Any CPU
		{82E51C73-B3BA-4F05-A820-B9D8335EDFB4}.Release|Any CPU.Build.0 = Release|Any CPU
		{FE993429-E39B-4EE3-A382-2EC65D268723}.Debug|Any CPU.ActiveCfg = Debug|Any CPU
		{FE993429-E39B-4EE3-A382-2EC65D268723}.Debug|Any CPU.Build.0 = Debug|Any CPU
		{FE993429-E39B-4EE3-A382-2EC65D268723}.Release|Any CPU.ActiveCfg = Release|Any CPU
		{FE993429-E39B-4EE3-A382-2EC65D268723}.Release|Any CPU.Build.0 = Release|Any CPU
		{426E5D51-9432-4537-992C-85770ADDE668}.Debug|Any CPU.ActiveCfg = Debug|Any CPU
		{426E5D51-9432-4537-992C-85770ADDE668}.Debug|Any CPU.Build.0 = Debug|Any CPU
		{426E5D51-9432-4537-992C-85770ADDE668}.Release|Any CPU.ActiveCfg = Release|Any CPU
		{426E5D51-9432-4537-992C-85770ADDE668}.Release|Any CPU.Build.0 = Release|Any CPU
		{3F6A9486-ADEF-406E-8BD7-2727171DDEF0}.Debug|Any CPU.ActiveCfg = Debug|Any CPU
		{3F6A9486-ADEF-406E-8BD7-2727171DDEF0}.Debug|Any CPU.Build.0 = Debug|Any CPU
		{3F6A9486-ADEF-406E-8BD7-2727171DDEF0}.Release|Any CPU.ActiveCfg = Release|Any CPU
		{3F6A9486-ADEF-406E-8BD7-2727171DDEF0}.Release|Any CPU.Build.0 = Release|Any CPU
		{D6652DEB-2064-40CA-8A97-AE4A7CFA34EC}.Debug|Any CPU.ActiveCfg = Debug|Any CPU
		{D6652DEB-2064-40CA-8A97-AE4A7CFA34EC}.Debug|Any CPU.Build.0 = Debug|Any CPU
		{D6652DEB-2064-40CA-8A97-AE4A7CFA34EC}.Release|Any CPU.ActiveCfg = Release|Any CPU
		{D6652DEB-2064-40CA-8A97-AE4A7CFA34EC}.Release|Any CPU.Build.0 = Release|Any CPU
		{10F998B9-F759-45E5-AE25-7706AD9FC6EB}.Debug|Any CPU.ActiveCfg = Debug|Any CPU
		{10F998B9-F759-45E5-AE25-7706AD9FC6EB}.Debug|Any CPU.Build.0 = Debug|Any CPU
		{10F998B9-F759-45E5-AE25-7706AD9FC6EB}.Release|Any CPU.ActiveCfg = Release|Any CPU
		{10F998B9-F759-45E5-AE25-7706AD9FC6EB}.Release|Any CPU.Build.0 = Release|Any CPU
		{4A678718-272F-4B4E-9E65-A346881CF5AF}.Debug|Any CPU.ActiveCfg = Debug|Any CPU
		{4A678718-272F-4B4E-9E65-A346881CF5AF}.Debug|Any CPU.Build.0 = Debug|Any CPU
		{4A678718-272F-4B4E-9E65-A346881CF5AF}.Release|Any CPU.ActiveCfg = Release|Any CPU
		{4A678718-272F-4B4E-9E65-A346881CF5AF}.Release|Any CPU.Build.0 = Release|Any CPU
		{2D592BBB-A6CE-48B2-801B-3D526B2BB3AB}.Debug|Any CPU.ActiveCfg = Debug|Any CPU
		{2D592BBB-A6CE-48B2-801B-3D526B2BB3AB}.Debug|Any CPU.Build.0 = Debug|Any CPU
		{2D592BBB-A6CE-48B2-801B-3D526B2BB3AB}.Release|Any CPU.ActiveCfg = Release|Any CPU
		{2D592BBB-A6CE-48B2-801B-3D526B2BB3AB}.Release|Any CPU.Build.0 = Release|Any CPU
		{688A2A07-18F6-4A5C-B26C-F4652E63FD07}.Debug|Any CPU.ActiveCfg = Debug|Any CPU
		{688A2A07-18F6-4A5C-B26C-F4652E63FD07}.Debug|Any CPU.Build.0 = Debug|Any CPU
		{688A2A07-18F6-4A5C-B26C-F4652E63FD07}.Release|Any CPU.ActiveCfg = Release|Any CPU
		{688A2A07-18F6-4A5C-B26C-F4652E63FD07}.Release|Any CPU.Build.0 = Release|Any CPU
		{692C48A4-14F0-49E6-AB8F-33075B4CB40C}.Debug|Any CPU.ActiveCfg = Debug|Any CPU
		{692C48A4-14F0-49E6-AB8F-33075B4CB40C}.Debug|Any CPU.Build.0 = Debug|Any CPU
		{692C48A4-14F0-49E6-AB8F-33075B4CB40C}.Release|Any CPU.ActiveCfg = Release|Any CPU
		{692C48A4-14F0-49E6-AB8F-33075B4CB40C}.Release|Any CPU.Build.0 = Release|Any CPU
		{3E73DA64-E703-44B7-9E66-095945CA4850}.Debug|Any CPU.ActiveCfg = Debug|Any CPU
		{3E73DA64-E703-44B7-9E66-095945CA4850}.Debug|Any CPU.Build.0 = Debug|Any CPU
		{3E73DA64-E703-44B7-9E66-095945CA4850}.Release|Any CPU.ActiveCfg = Release|Any CPU
		{3E73DA64-E703-44B7-9E66-095945CA4850}.Release|Any CPU.Build.0 = Release|Any CPU
		{38D93F2F-AA97-47AC-984E-DC9D47BB573B}.Debug|Any CPU.ActiveCfg = Debug|Any CPU
		{38D93F2F-AA97-47AC-984E-DC9D47BB573B}.Debug|Any CPU.Build.0 = Debug|Any CPU
		{38D93F2F-AA97-47AC-984E-DC9D47BB573B}.Release|Any CPU.ActiveCfg = Release|Any CPU
		{38D93F2F-AA97-47AC-984E-DC9D47BB573B}.Release|Any CPU.Build.0 = Release|Any CPU
		{283C0FDA-9E8C-41F1-86DA-CAAB7D7C08E7}.Debug|Any CPU.ActiveCfg = Debug|Any CPU
		{283C0FDA-9E8C-41F1-86DA-CAAB7D7C08E7}.Debug|Any CPU.Build.0 = Debug|Any CPU
		{283C0FDA-9E8C-41F1-86DA-CAAB7D7C08E7}.Release|Any CPU.ActiveCfg = Release|Any CPU
		{283C0FDA-9E8C-41F1-86DA-CAAB7D7C08E7}.Release|Any CPU.Build.0 = Release|Any CPU
	EndGlobalSection
EndGlobal
